<Solution>
  <Project Path="01 Välkomstsnurran (while)/01 Välkomstsnurran (while).csproj" />
  <Project Path="02 Inmatningsskyddet (do-while)/02 Inmatningsskyddet (do-while).csproj" />
  <Project Path="03 Räknaren (for)/03 Räknaren (for).csproj" />
  <Project Path="04 Baklänges (for)/04 Baklänges (for).csproj" />
  <Project Path="05 Namnlistan (foreach)/05 Namnlistan (foreach).csproj" />
  <Project Path="06 Sök efter guld (break)/06 Sök efter guld (break).csproj" />
  <Project Path="07 Hoppa över dolda filer (continue)/07 Hoppa över dolda filer (continue).csproj" />
  <Project Path="08 Multiplikationstabellen (Nästlade snurror)/08 Multiplikationstabellen (Nästlade snurror).csproj" />
  <Project Path="09 Menyvalet med nödutgång (while-true och break)/09 Menyvalet med nödutgång (while-true och break).csproj" />
  <Project Path="10 Textanalysatorn (foreach och char)/10 Textanalysatorn (foreach och char).csproj" />
  <Project Path="11 Temperaturloggen (blandade snurror)/11 Temperaturloggen (blandade snurror).csproj" />
</Solution>
